
Microsoft Visual Studio Solution File, Format Version 12.00
# Visual Studio 15
VisualStudioVersion = 15.0.27428.2015
MinimumVisualStudioVersion = 10.0.40219.1
Project("{FAE04EC0-301F-11D3-BF4B-00C04F79EFBC}") = "Lab_Connection", "Lab_Connection\Lab_Connection.csproj", "{6B2E449A-1BED-42BF-86A8-755B6BBD1500}"
EndProject
Project("{FAE04EC0-301F-11D3-BF4B-00C04F79EFBC}") = "Lab_Command", "Lab_Command\Lab_Command.csproj", "{BAF9830F-C2DC-4E97-A7E6-F998B0F89D1F}"
EndProject
Project("{FAE04EC0-301F-11D3-BF4B-00C04F79EFBC}") = "Lab_DataReader", "Lab_DataReader\Lab_DataReader.csproj", "{DA0F2A23-05D7-4D67-BDEB-12EA00E285B2}"
EndProject
Project("{FAE04EC0-301F-11D3-BF4B-00C04F79EFBC}") = "Lab_DataAdapter", "Lab_DataAdapter\Lab_DataAdapter.csproj", "{1E97E23F-0A64-46D2-9E13-D93C51E73F56}"
EndProject
Project("{FAE04EC0-301F-11D3-BF4B-00C04F79EFBC}") = "Lab_DataSet", "Lab_DataSet\Lab_DataSet.csproj", "{0F1E12EC-436A-4561-944E-CC63A3181983}"
EndProject
Project("{FAE04EC0-301F-11D3-BF4B-00C04F79EFBC}") = "Lab_TablaCompleja", "Lab_TablaCompleja\Lab_TablaCompleja.csproj", "{F011AD8E-8D7C-49AA-9B7D-A8A53597FB0D}"
EndProject
Global
	GlobalSection(SolutionConfigurationPlatforms) = preSolution
		Debug|Any CPU = Debug|Any CPU
		Release|Any CPU = Release|Any CPU
	EndGlobalSection
	GlobalSection(ProjectConfigurationPlatforms) = postSolution
		{6B2E449A-1BED-42BF-86A8-755B6BBD1500}.Debug|Any CPU.ActiveCfg = Debug|Any CPU
		{6B2E449A-1BED-42BF-86A8-755B6BBD1500}.Debug|Any CPU.Build.0 = Debug|Any CPU
		{6B2E449A-1BED-42BF-86A8-755B6BBD1500}.Release|Any CPU.ActiveCfg = Release|Any CPU
		{6B2E449A-1BED-42BF-86A8-755B6BBD1500}.Release|Any CPU.Build.0 = Release|Any CPU
		{BAF9830F-C2DC-4E97-A7E6-F998B0F89D1F}.Debug|Any CPU.ActiveCfg = Debug|Any CPU
		{BAF9830F-C2DC-4E97-A7E6-F998B0F89D1F}.Debug|Any CPU.Build.0 = Debug|Any CPU
		{BAF9830F-C2DC-4E97-A7E6-F998B0F89D1F}.Release|Any CPU.ActiveCfg = Release|Any CPU
		{BAF9830F-C2DC-4E97-A7E6-F998B0F89D1F}.Release|Any CPU.Build.0 = Release|Any CPU
		{DA0F2A23-05D7-4D67-BDEB-12EA00E285B2}.Debug|Any CPU.ActiveCfg = Debug|Any CPU
		{DA0F2A23-05D7-4D67-BDEB-12EA00E285B2}.Debug|Any CPU.Build.0 = Debug|Any CPU
		{DA0F2A23-05D7-4D67-BDEB-12EA00E285B2}.Release|Any CPU.ActiveCfg = Release|Any CPU
		{DA0F2A23-05D7-4D67-BDEB-12EA00E285B2}.Release|Any CPU.Build.0 = Release|Any CPU
		{1E97E23F-0A64-46D2-9E13-D93C51E73F56}.Debug|Any CPU.ActiveCfg = Debug|Any CPU
		{1E97E23F-0A64-46D2-9E13-D93C51E73F56}.Debug|Any CPU.Build.0 = Debug|Any CPU
		{1E97E23F-0A64-46D2-9E13-D93C51E73F56}.Release|Any CPU.ActiveCfg = Release|Any CPU
		{1E97E23F-0A64-46D2-9E13-D93C51E73F56}.Release|Any CPU.Build.0 = Release|Any CPU
		{0F1E12EC-436A-4561-944E-CC63A3181983}.Debug|Any CPU.ActiveCfg = Debug|Any CPU
		{0F1E12EC-436A-4561-944E-CC63A3181983}.Debug|Any CPU.Build.0 = Debug|Any CPU
		{0F1E12EC-436A-4561-944E-CC63A3181983}.Release|Any CPU.ActiveCfg = Release|Any CPU
		{0F1E12EC-436A-4561-944E-CC63A3181983}.Release|Any CPU.Build.0 = Release|Any CPU
		{F011AD8E-8D7C-49AA-9B7D-A8A53597FB0D}.Debug|Any CPU.ActiveCfg = Debug|Any CPU
		{F011AD8E-8D7C-49AA-9B7D-A8A53597FB0D}.Debug|Any CPU.Build.0 = Debug|Any CPU
		{F011AD8E-8D7C-49AA-9B7D-A8A53597FB0D}.Release|Any CPU.ActiveCfg = Release|Any CPU
		{F011AD8E-8D7C-49AA-9B7D-A8A53597FB0D}.Release|Any CPU.Build.0 = Release|Any CPU
	EndGlobalSection
	GlobalSection(SolutionProperties) = preSolution
		HideSolutionNode = FALSE
	EndGlobalSection
	GlobalSection(ExtensibilityGlobals) = postSolution
		SolutionGuid = {250F3E4E-18A3-40D4-8865-23BF6780FAE1}
	EndGlobalSection
EndGlobal
