
Microsoft Visual Studio Solution File, Format Version 12.00
# Visual Studio 2012
Project("{FAE04EC0-301F-11D3-BF4B-00C04F79EFBC}") = "PracticaCalificada", "Preguntas\PracticaCalificada.csproj", "{789F82E4-C246-4B64-99F0-6E9723EB1F0C}"
EndProject
Global
	GlobalSection(SolutionConfigurationPlatforms) = preSolution
		Debug|Any CPU = Debug|Any CPU
		Release|Any CPU = Release|Any CPU
	EndGlobalSection
	GlobalSection(ProjectConfigurationPlatforms) = postSolution
		{789F82E4-C246-4B64-99F0-6E9723EB1F0C}.Debug|Any CPU.ActiveCfg = Debug|Any CPU
		{789F82E4-C246-4B64-99F0-6E9723EB1F0C}.Debug|Any CPU.Build.0 = Debug|Any CPU
		{789F82E4-C246-4B64-99F0-6E9723EB1F0C}.Release|Any CPU.ActiveCfg = Release|Any CPU
		{789F82E4-C246-4B64-99F0-6E9723EB1F0C}.Release|Any CPU.Build.0 = Release|Any CPU
	EndGlobalSection
	GlobalSection(SolutionProperties) = preSolution
		HideSolutionNode = FALSE
	EndGlobalSection
EndGlobal
